{
  "originHash" : "491a6d5988b1aa502087efd1dc376dc8ea4bd32a945e9266dd577251210c90e1",
  "pins" : [
    {
      "identity" : "libghostty-spm",
      "kind" : "remoteSourceControl",
      "location" : "https://github.com/Lakr233/libghostty-spm",
      "state" : {
        "revision" : "986f6a9b9ff3efa2d60fbd11016731f734693a8b",
        "version" : "1.4.2"
      }
    },
    {
      "identity" : "msdisplaylink",
      "kind" : "remoteSourceControl",
      "location" : "https://github.com/Lakr233/MSDisplayLink.git",
      "state" : {
        "revision" : "87eb0af130744c8cbe2e31b6e1a5bcd659f1c220",
        "version" : "2.2.0"
      }
    }
  ],
  "version" : 3
}
