{
  "originHash" : "9689a1c0b09270236baa0c711723fb834f6f8333b8973340de9ec252fec9e463",
  "pins" : [
    {
      "identity" : "libghostty-spm",
      "kind" : "remoteSourceControl",
      "location" : "https://github.com/Lakr233/libghostty-spm",
      "state" : {
        "revision" : "9bcaf2e02e2123c6cdf6394bd86698eb3f2b0f5f",
        "version" : "1.4.5"
      }
    },
    {
      "identity" : "msdisplaylink",
      "kind" : "remoteSourceControl",
      "location" : "https://github.com/Lakr233/MSDisplayLink.git",
      "state" : {
        "revision" : "87eb0af130744c8cbe2e31b6e1a5bcd659f1c220",
        "version" : "2.2.0"
      }
    }
  ],
  "version" : 3
}
